
Microsoft Visual Studio Solution File, Format Version 12.00
# Visual Studio Version 17
VisualStudioVersion = 17.9.34622.214
MinimumVisualStudioVersion = 10.0.40219.1
Project("{9A19103F-16F7-4668-BE54-9A1E7A4F7556}") = "Domain", "Domain\Domain.csproj", "{397D5791-AE54-40E2-BD85-0CB736F555E8}"
EndProject
Project("{9A19103F-16F7-4668-BE54-9A1E7A4F7556}") = "Infrastructure", "Infrastructure\Infrastructure.csproj", "{8664E244-9566-40B6-A14E-560CA460A7A5}"
EndProject
Project("{9A19103F-16F7-4668-BE54-9A1E7A4F7556}") = "Restaurant.UnitTests", "Restaurant.UnitTests\Restaurant.UnitTests.csproj", "{B277C6C4-E301-4D38-9E39-8EF864648903}"
EndProject
Project("{FAE04EC0-301F-11D3-BF4B-00C04F79EFBC}") = "Restaurant.WebApi", "Restaurant.WebApi\Restaurant.WebApi.csproj", "{B344C11A-F0B6-4F68-B105-D7CB7EAAEBDE}"
EndProject
Project("{FAE04EC0-301F-11D3-BF4B-00C04F79EFBC}") = "ResraurantLayer", "ResraurantLayer\ResraurantLayer.csproj", "{C50848A9-23AF-47A3-BF3F-9F224318C653}"
EndProject
Global
	GlobalSection(SolutionConfigurationPlatforms) = preSolution
		Debug|Any CPU = Debug|Any CPU
		Release|Any CPU = Release|Any CPU
	EndGlobalSection
	GlobalSection(ProjectConfigurationPlatforms) = postSolution
		{397D5791-AE54-40E2-BD85-0CB736F555E8}.Debug|Any CPU.ActiveCfg = Debug|Any CPU
		{397D5791-AE54-40E2-BD85-0CB736F555E8}.Debug|Any CPU.Build.0 = Debug|Any CPU
		{397D5791-AE54-40E2-BD85-0CB736F555E8}.Release|Any CPU.ActiveCfg = Release|Any CPU
		{397D5791-AE54-40E2-BD85-0CB736F555E8}.Release|Any CPU.Build.0 = Release|Any CPU
		{8664E244-9566-40B6-A14E-560CA460A7A5}.Debug|Any CPU.ActiveCfg = Debug|Any CPU
		{8664E244-9566-40B6-A14E-560CA460A7A5}.Debug|Any CPU.Build.0 = Debug|Any CPU
		{8664E244-9566-40B6-A14E-560CA460A7A5}.Release|Any CPU.ActiveCfg = Release|Any CPU
		{8664E244-9566-40B6-A14E-560CA460A7A5}.Release|Any CPU.Build.0 = Release|Any CPU
		{B277C6C4-E301-4D38-9E39-8EF864648903}.Debug|Any CPU.ActiveCfg = Debug|Any CPU
		{B277C6C4-E301-4D38-9E39-8EF864648903}.Debug|Any CPU.Build.0 = Debug|Any CPU
		{B277C6C4-E301-4D38-9E39-8EF864648903}.Release|Any CPU.ActiveCfg = Release|Any CPU
		{B277C6C4-E301-4D38-9E39-8EF864648903}.Release|Any CPU.Build.0 = Release|Any CPU
		{B344C11A-F0B6-4F68-B105-D7CB7EAAEBDE}.Debug|Any CPU.ActiveCfg = Debug|Any CPU
		{B344C11A-F0B6-4F68-B105-D7CB7EAAEBDE}.Debug|Any CPU.Build.0 = Debug|Any CPU
		{B344C11A-F0B6-4F68-B105-D7CB7EAAEBDE}.Release|Any CPU.ActiveCfg = Release|Any CPU
		{B344C11A-F0B6-4F68-B105-D7CB7EAAEBDE}.Release|Any CPU.Build.0 = Release|Any CPU
		{C50848A9-23AF-47A3-BF3F-9F224318C653}.Debug|Any CPU.ActiveCfg = Debug|Any CPU
		{C50848A9-23AF-47A3-BF3F-9F224318C653}.Debug|Any CPU.Build.0 = Debug|Any CPU
		{C50848A9-23AF-47A3-BF3F-9F224318C653}.Release|Any CPU.ActiveCfg = Release|Any CPU
		{C50848A9-23AF-47A3-BF3F-9F224318C653}.Release|Any CPU.Build.0 = Release|Any CPU
	EndGlobalSection
	GlobalSection(SolutionProperties) = preSolution
		HideSolutionNode = FALSE
	EndGlobalSection
	GlobalSection(ExtensibilityGlobals) = postSolution
		SolutionGuid = {489A7680-60F0-498A-9969-35C537CDC1EB}
	EndGlobalSection
EndGlobal
